
Microsoft Visual Studio Solution File, Format Version 12.00
# Visual Studio 15
VisualStudioVersion = 15.0.26430.14
MinimumVisualStudioVersion = 10.0.40219.1
Project("{FAE04EC0-301F-11D3-BF4B-00C04F79EFBC}") = "FirstApp", "FirstApp\FirstApp.csproj", "{917E3724-5936-4056-AFE5-E0C19847876B}"
EndProject
Project("{FAE04EC0-301F-11D3-BF4B-00C04F79EFBC}") = "FirstAppG2", "FirstAppG2\FirstAppG2.csproj", "{EBB7F57B-1DB6-43B2-8594-DB36FB567987}"
EndProject
Project("{2150E333-8FDC-42A3-9474-1A3956D46DE8}") = "Group1", "Group1", "{B76A968D-FF37-4901-9D42-42BF396E2604}"
EndProject
Project("{FAE04EC0-301F-11D3-BF4B-00C04F79EFBC}") = "AuthorConsoleG1", "AuthorConsoleG1\AuthorConsoleG1.csproj", "{C42BA162-701C-4CD1-9199-0784628B4422}"
EndProject
Project("{FAE04EC0-301F-11D3-BF4B-00C04F79EFBC}") = "DataAccessG1", "DataAccessG1\DataAccessG1.csproj", "{2FCBBF12-E3D3-4A9B-B214-0386768D8891}"
EndProject
Project("{FAE04EC0-301F-11D3-BF4B-00C04F79EFBC}") = "BookEntitiesG1", "BookEntitiesG1\BookEntitiesG1.csproj", "{114198BB-15A2-436B-84FA-DE9CE6836015}"
EndProject
Project("{FAE04EC0-301F-11D3-BF4B-00C04F79EFBC}") = "AuthorsForm", "AuthorsForm\AuthorsForm.csproj", "{0DE35C18-453F-4324-8CBE-646D0832AA1F}"
EndProject
Project("{FAE04EC0-301F-11D3-BF4B-00C04F79EFBC}") = "BusinessLogic", "BusinessLogic\BusinessLogic.csproj", "{04F0EF82-4561-47D1-842A-F9DAF878D2D1}"
EndProject
Project("{2150E333-8FDC-42A3-9474-1A3956D46DE8}") = "Group2", "Group2", "{6A1AF0DD-83FD-452B-9BD8-38DBDB82B36B}"
EndProject
Project("{FAE04EC0-301F-11D3-BF4B-00C04F79EFBC}") = "AuthorsConsole2", "AuthorsConsole2\AuthorsConsole2.csproj", "{F657462C-8F45-485D-A4AA-FBA9784C5742}"
EndProject
Project("{FAE04EC0-301F-11D3-BF4B-00C04F79EFBC}") = "AuthorsForms2", "AuthorsForms2\AuthorsForms2.csproj", "{C624B13F-6C3F-4B48-86DA-6A7E2EB72C62}"
EndProject
Project("{FAE04EC0-301F-11D3-BF4B-00C04F79EFBC}") = "AuthorsDataAccess2", "AuthorsDataAccess2\AuthorsDataAccess2.csproj", "{1A0909F2-143F-41E8-A71D-E604871E760C}"
EndProject
Project("{FAE04EC0-301F-11D3-BF4B-00C04F79EFBC}") = "AuthorEntities2", "AuthorEntities2\AuthorEntities2.csproj", "{051BDF3F-DB07-476E-8F15-1689654FBE52}"
EndProject
Project("{FAE04EC0-301F-11D3-BF4B-00C04F79EFBC}") = "AuthorsBusinessRules", "AuthorsBusinessRules\AuthorsBusinessRules.csproj", "{266AAD23-5AC2-4744-AF36-2A4F8047D391}"
EndProject
Project("{FAE04EC0-301F-11D3-BF4B-00C04F79EFBC}") = "AuthorsWebApi", "AuthorsWebApi\AuthorsWebApi.csproj", "{638CC659-FEF5-44D6-9657-979E4F13761A}"
EndProject
Project("{FAE04EC0-301F-11D3-BF4B-00C04F79EFBC}") = "DapperDemo", "DapperDemo\DapperDemo.csproj", "{53577F5B-73EC-41E8-A7D1-1FFEA7051B00}"
EndProject
Project("{FAE04EC0-301F-11D3-BF4B-00C04F79EFBC}") = "Schedule", "Schedule\Schedule.csproj", "{3D92874F-E18E-4E01-AD38-FFE02623D097}"
EndProject
Project("{FAE04EC0-301F-11D3-BF4B-00C04F79EFBC}") = "EntityDemoG1", "EntityDemoG1\EntityDemoG1.csproj", "{41388260-8A52-4C10-B55C-3CA832C4ED66}"
EndProject
Project("{2150E333-8FDC-42A3-9474-1A3956D46DE8}") = "EnityG1", "EnityG1", "{804AB11E-2659-4423-A7B8-4896DD4306FA}"
EndProject
Project("{FAE04EC0-301F-11D3-BF4B-00C04F79EFBC}") = "EntityDemoModelG1", "EntityDemoModelG1\EntityDemoModelG1.csproj", "{B3396156-9C9E-40C5-9CBF-36A207E37710}"
EndProject
Project("{FAE04EC0-301F-11D3-BF4B-00C04F79EFBC}") = "EnityConsoleG1", "EnityConsoleG1\EnityConsoleG1.csproj", "{36E9E5A6-F8B2-44AF-BAF3-2EF37E8C4780}"
EndProject
Global
	GlobalSection(SolutionConfigurationPlatforms) = preSolution
		Debug|Any CPU = Debug|Any CPU
		Release|Any CPU = Release|Any CPU
	EndGlobalSection
	GlobalSection(ProjectConfigurationPlatforms) = postSolution
		{917E3724-5936-4056-AFE5-E0C19847876B}.Debug|Any CPU.ActiveCfg = Debug|Any CPU
		{917E3724-5936-4056-AFE5-E0C19847876B}.Debug|Any CPU.Build.0 = Debug|Any CPU
		{917E3724-5936-4056-AFE5-E0C19847876B}.Release|Any CPU.ActiveCfg = Release|Any CPU
		{917E3724-5936-4056-AFE5-E0C19847876B}.Release|Any CPU.Build.0 = Release|Any CPU
		{EBB7F57B-1DB6-43B2-8594-DB36FB567987}.Debug|Any CPU.ActiveCfg = Debug|Any CPU
		{EBB7F57B-1DB6-43B2-8594-DB36FB567987}.Debug|Any CPU.Build.0 = Debug|Any CPU
		{EBB7F57B-1DB6-43B2-8594-DB36FB567987}.Release|Any CPU.ActiveCfg = Release|Any CPU
		{EBB7F57B-1DB6-43B2-8594-DB36FB567987}.Release|Any CPU.Build.0 = Release|Any CPU
		{C42BA162-701C-4CD1-9199-0784628B4422}.Debug|Any CPU.ActiveCfg = Debug|Any CPU
		{C42BA162-701C-4CD1-9199-0784628B4422}.Debug|Any CPU.Build.0 = Debug|Any CPU
		{C42BA162-701C-4CD1-9199-0784628B4422}.Release|Any CPU.ActiveCfg = Release|Any CPU
		{C42BA162-701C-4CD1-9199-0784628B4422}.Release|Any CPU.Build.0 = Release|Any CPU
		{2FCBBF12-E3D3-4A9B-B214-0386768D8891}.Debug|Any CPU.ActiveCfg = Debug|Any CPU
		{2FCBBF12-E3D3-4A9B-B214-0386768D8891}.Debug|Any CPU.Build.0 = Debug|Any CPU
		{2FCBBF12-E3D3-4A9B-B214-0386768D8891}.Release|Any CPU.ActiveCfg = Release|Any CPU
		{2FCBBF12-E3D3-4A9B-B214-0386768D8891}.Release|Any CPU.Build.0 = Release|Any CPU
		{114198BB-15A2-436B-84FA-DE9CE6836015}.Debug|Any CPU.ActiveCfg = Debug|Any CPU
		{114198BB-15A2-436B-84FA-DE9CE6836015}.Debug|Any CPU.Build.0 = Debug|Any CPU
		{114198BB-15A2-436B-84FA-DE9CE6836015}.Release|Any CPU.ActiveCfg = Release|Any CPU
		{114198BB-15A2-436B-84FA-DE9CE6836015}.Release|Any CPU.Build.0 = Release|Any CPU
		{0DE35C18-453F-4324-8CBE-646D0832AA1F}.Debug|Any CPU.ActiveCfg = Debug|Any CPU
		{0DE35C18-453F-4324-8CBE-646D0832AA1F}.Debug|Any CPU.Build.0 = Debug|Any CPU
		{0DE35C18-453F-4324-8CBE-646D0832AA1F}.Release|Any CPU.ActiveCfg = Release|Any CPU
		{0DE35C18-453F-4324-8CBE-646D0832AA1F}.Release|Any CPU.Build.0 = Release|Any CPU
		{04F0EF82-4561-47D1-842A-F9DAF878D2D1}.Debug|Any CPU.ActiveCfg = Debug|Any CPU
		{04F0EF82-4561-47D1-842A-F9DAF878D2D1}.Debug|Any CPU.Build.0 = Debug|Any CPU
		{04F0EF82-4561-47D1-842A-F9DAF878D2D1}.Release|Any CPU.ActiveCfg = Release|Any CPU
		{04F0EF82-4561-47D1-842A-F9DAF878D2D1}.Release|Any CPU.Build.0 = Release|Any CPU
		{F657462C-8F45-485D-A4AA-FBA9784C5742}.Debug|Any CPU.ActiveCfg = Debug|Any CPU
		{F657462C-8F45-485D-A4AA-FBA9784C5742}.Debug|Any CPU.Build.0 = Debug|Any CPU
		{F657462C-8F45-485D-A4AA-FBA9784C5742}.Release|Any CPU.ActiveCfg = Release|Any CPU
		{F657462C-8F45-485D-A4AA-FBA9784C5742}.Release|Any CPU.Build.0 = Release|Any CPU
		{C624B13F-6C3F-4B48-86DA-6A7E2EB72C62}.Debug|Any CPU.ActiveCfg = Debug|Any CPU
		{C624B13F-6C3F-4B48-86DA-6A7E2EB72C62}.Debug|Any CPU.Build.0 = Debug|Any CPU
		{C624B13F-6C3F-4B48-86DA-6A7E2EB72C62}.Release|Any CPU.ActiveCfg = Release|Any CPU
		{C624B13F-6C3F-4B48-86DA-6A7E2EB72C62}.Release|Any CPU.Build.0 = Release|Any CPU
		{1A0909F2-143F-41E8-A71D-E604871E760C}.Debug|Any CPU.ActiveCfg = Debug|Any CPU
		{1A0909F2-143F-41E8-A71D-E604871E760C}.Debug|Any CPU.Build.0 = Debug|Any CPU
		{1A0909F2-143F-41E8-A71D-E604871E760C}.Release|Any CPU.ActiveCfg = Release|Any CPU
		{1A0909F2-143F-41E8-A71D-E604871E760C}.Release|Any CPU.Build.0 = Release|Any CPU
		{051BDF3F-DB07-476E-8F15-1689654FBE52}.Debug|Any CPU.ActiveCfg = Debug|Any CPU
		{051BDF3F-DB07-476E-8F15-1689654FBE52}.Debug|Any CPU.Build.0 = Debug|Any CPU
		{051BDF3F-DB07-476E-8F15-1689654FBE52}.Release|Any CPU.ActiveCfg = Release|Any CPU
		{051BDF3F-DB07-476E-8F15-1689654FBE52}.Release|Any CPU.Build.0 = Release|Any CPU
		{266AAD23-5AC2-4744-AF36-2A4F8047D391}.Debug|Any CPU.ActiveCfg = Debug|Any CPU
		{266AAD23-5AC2-4744-AF36-2A4F8047D391}.Debug|Any CPU.Build.0 = Debug|Any CPU
		{266AAD23-5AC2-4744-AF36-2A4F8047D391}.Release|Any CPU.ActiveCfg = Release|Any CPU
		{266AAD23-5AC2-4744-AF36-2A4F8047D391}.Release|Any CPU.Build.0 = Release|Any CPU
		{638CC659-FEF5-44D6-9657-979E4F13761A}.Debug|Any CPU.ActiveCfg = Debug|Any CPU
		{638CC659-FEF5-44D6-9657-979E4F13761A}.Debug|Any CPU.Build.0 = Debug|Any CPU
		{638CC659-FEF5-44D6-9657-979E4F13761A}.Release|Any CPU.ActiveCfg = Release|Any CPU
		{638CC659-FEF5-44D6-9657-979E4F13761A}.Release|Any CPU.Build.0 = Release|Any CPU
		{53577F5B-73EC-41E8-A7D1-1FFEA7051B00}.Debug|Any CPU.ActiveCfg = Debug|Any CPU
		{53577F5B-73EC-41E8-A7D1-1FFEA7051B00}.Debug|Any CPU.Build.0 = Debug|Any CPU
		{53577F5B-73EC-41E8-A7D1-1FFEA7051B00}.Release|Any CPU.ActiveCfg = Release|Any CPU
		{53577F5B-73EC-41E8-A7D1-1FFEA7051B00}.Release|Any CPU.Build.0 = Release|Any CPU
		{3D92874F-E18E-4E01-AD38-FFE02623D097}.Debug|Any CPU.ActiveCfg = Debug|Any CPU
		{3D92874F-E18E-4E01-AD38-FFE02623D097}.Debug|Any CPU.Build.0 = Debug|Any CPU
		{3D92874F-E18E-4E01-AD38-FFE02623D097}.Release|Any CPU.ActiveCfg = Release|Any CPU
		{3D92874F-E18E-4E01-AD38-FFE02623D097}.Release|Any CPU.Build.0 = Release|Any CPU
		{41388260-8A52-4C10-B55C-3CA832C4ED66}.Debug|Any CPU.ActiveCfg = Debug|Any CPU
		{41388260-8A52-4C10-B55C-3CA832C4ED66}.Debug|Any CPU.Build.0 = Debug|Any CPU
		{41388260-8A52-4C10-B55C-3CA832C4ED66}.Release|Any CPU.ActiveCfg = Release|Any CPU
		{41388260-8A52-4C10-B55C-3CA832C4ED66}.Release|Any CPU.Build.0 = Release|Any CPU
		{B3396156-9C9E-40C5-9CBF-36A207E37710}.Debug|Any CPU.ActiveCfg = Debug|Any CPU
		{B3396156-9C9E-40C5-9CBF-36A207E37710}.Debug|Any CPU.Build.0 = Debug|Any CPU
		{B3396156-9C9E-40C5-9CBF-36A207E37710}.Release|Any CPU.ActiveCfg = Release|Any CPU
		{B3396156-9C9E-40C5-9CBF-36A207E37710}.Release|Any CPU.Build.0 = Release|Any CPU
		{36E9E5A6-F8B2-44AF-BAF3-2EF37E8C4780}.Debug|Any CPU.ActiveCfg = Debug|Any CPU
		{36E9E5A6-F8B2-44AF-BAF3-2EF37E8C4780}.Debug|Any CPU.Build.0 = Debug|Any CPU
		{36E9E5A6-F8B2-44AF-BAF3-2EF37E8C4780}.Release|Any CPU.ActiveCfg = Release|Any CPU
		{36E9E5A6-F8B2-44AF-BAF3-2EF37E8C4780}.Release|Any CPU.Build.0 = Release|Any CPU
	EndGlobalSection
	GlobalSection(SolutionProperties) = preSolution
		HideSolutionNode = FALSE
	EndGlobalSection
	GlobalSection(NestedProjects) = preSolution
		{C42BA162-701C-4CD1-9199-0784628B4422} = {B76A968D-FF37-4901-9D42-42BF396E2604}
		{2FCBBF12-E3D3-4A9B-B214-0386768D8891} = {B76A968D-FF37-4901-9D42-42BF396E2604}
		{114198BB-15A2-436B-84FA-DE9CE6836015} = {B76A968D-FF37-4901-9D42-42BF396E2604}
		{0DE35C18-453F-4324-8CBE-646D0832AA1F} = {B76A968D-FF37-4901-9D42-42BF396E2604}
		{04F0EF82-4561-47D1-842A-F9DAF878D2D1} = {B76A968D-FF37-4901-9D42-42BF396E2604}
		{F657462C-8F45-485D-A4AA-FBA9784C5742} = {6A1AF0DD-83FD-452B-9BD8-38DBDB82B36B}
		{C624B13F-6C3F-4B48-86DA-6A7E2EB72C62} = {6A1AF0DD-83FD-452B-9BD8-38DBDB82B36B}
		{1A0909F2-143F-41E8-A71D-E604871E760C} = {6A1AF0DD-83FD-452B-9BD8-38DBDB82B36B}
		{051BDF3F-DB07-476E-8F15-1689654FBE52} = {6A1AF0DD-83FD-452B-9BD8-38DBDB82B36B}
		{266AAD23-5AC2-4744-AF36-2A4F8047D391} = {6A1AF0DD-83FD-452B-9BD8-38DBDB82B36B}
		{638CC659-FEF5-44D6-9657-979E4F13761A} = {6A1AF0DD-83FD-452B-9BD8-38DBDB82B36B}
		{41388260-8A52-4C10-B55C-3CA832C4ED66} = {804AB11E-2659-4423-A7B8-4896DD4306FA}
		{B3396156-9C9E-40C5-9CBF-36A207E37710} = {804AB11E-2659-4423-A7B8-4896DD4306FA}
		{36E9E5A6-F8B2-44AF-BAF3-2EF37E8C4780} = {804AB11E-2659-4423-A7B8-4896DD4306FA}
	EndGlobalSection
EndGlobal
