
Microsoft Visual Studio Solution File, Format Version 12.00
# Visual Studio 15
VisualStudioVersion = 15.0.26430.14
MinimumVisualStudioVersion = 10.0.40219.1
Project("{FAE04EC0-301F-11D3-BF4B-00C04F79EFBC}") = "FirstApp", "FirstApp\FirstApp.csproj", "{917E3724-5936-4056-AFE5-E0C19847876B}"
EndProject
Project("{FAE04EC0-301F-11D3-BF4B-00C04F79EFBC}") = "FirstAppG2", "FirstAppG2\FirstAppG2.csproj", "{EBB7F57B-1DB6-43B2-8594-DB36FB567987}"
EndProject
Project("{2150E333-8FDC-42A3-9474-1A3956D46DE8}") = "Group1", "Group1", "{B76A968D-FF37-4901-9D42-42BF396E2604}"
EndProject
Project("{FAE04EC0-301F-11D3-BF4B-00C04F79EFBC}") = "AuthorConsoleG1", "AuthorConsoleG1\AuthorConsoleG1.csproj", "{C42BA162-701C-4CD1-9199-0784628B4422}"
EndProject
Project("{FAE04EC0-301F-11D3-BF4B-00C04F79EFBC}") = "DataAccessG1", "DataAccessG1\DataAccessG1.csproj", "{2FCBBF12-E3D3-4A9B-B214-0386768D8891}"
EndProject
Project("{FAE04EC0-301F-11D3-BF4B-00C04F79EFBC}") = "BookEntitiesG1", "BookEntitiesG1\BookEntitiesG1.csproj", "{114198BB-15A2-436B-84FA-DE9CE6836015}"
EndProject
Project("{FAE04EC0-301F-11D3-BF4B-00C04F79EFBC}") = "AuthorsForm", "AuthorsForm\AuthorsForm.csproj", "{0DE35C18-453F-4324-8CBE-646D0832AA1F}"
EndProject
Project("{FAE04EC0-301F-11D3-BF4B-00C04F79EFBC}") = "BusinessLogic", "BusinessLogic\BusinessLogic.csproj", "{04F0EF82-4561-47D1-842A-F9DAF878D2D1}"
EndProject
Global
	GlobalSection(SolutionConfigurationPlatforms) = preSolution
		Debug|Any CPU = Debug|Any CPU
		Release|Any CPU = Release|Any CPU
	EndGlobalSection
	GlobalSection(ProjectConfigurationPlatforms) = postSolution
		{917E3724-5936-4056-AFE5-E0C19847876B}.Debug|Any CPU.ActiveCfg = Debug|Any CPU
		{917E3724-5936-4056-AFE5-E0C19847876B}.Debug|Any CPU.Build.0 = Debug|Any CPU
		{917E3724-5936-4056-AFE5-E0C19847876B}.Release|Any CPU.ActiveCfg = Release|Any CPU
		{917E3724-5936-4056-AFE5-E0C19847876B}.Release|Any CPU.Build.0 = Release|Any CPU
		{EBB7F57B-1DB6-43B2-8594-DB36FB567987}.Debug|Any CPU.ActiveCfg = Debug|Any CPU
		{EBB7F57B-1DB6-43B2-8594-DB36FB567987}.Debug|Any CPU.Build.0 = Debug|Any CPU
		{EBB7F57B-1DB6-43B2-8594-DB36FB567987}.Release|Any CPU.ActiveCfg = Release|Any CPU
		{EBB7F57B-1DB6-43B2-8594-DB36FB567987}.Release|Any CPU.Build.0 = Release|Any CPU
		{C42BA162-701C-4CD1-9199-0784628B4422}.Debug|Any CPU.ActiveCfg = Debug|Any CPU
		{C42BA162-701C-4CD1-9199-0784628B4422}.Debug|Any CPU.Build.0 = Debug|Any CPU
		{C42BA162-701C-4CD1-9199-0784628B4422}.Release|Any CPU.ActiveCfg = Release|Any CPU
		{C42BA162-701C-4CD1-9199-0784628B4422}.Release|Any CPU.Build.0 = Release|Any CPU
		{2FCBBF12-E3D3-4A9B-B214-0386768D8891}.Debug|Any CPU.ActiveCfg = Debug|Any CPU
		{2FCBBF12-E3D3-4A9B-B214-0386768D8891}.Debug|Any CPU.Build.0 = Debug|Any CPU
		{2FCBBF12-E3D3-4A9B-B214-0386768D8891}.Release|Any CPU.ActiveCfg = Release|Any CPU
		{2FCBBF12-E3D3-4A9B-B214-0386768D8891}.Release|Any CPU.Build.0 = Release|Any CPU
		{114198BB-15A2-436B-84FA-DE9CE6836015}.Debug|Any CPU.ActiveCfg = Debug|Any CPU
		{114198BB-15A2-436B-84FA-DE9CE6836015}.Debug|Any CPU.Build.0 = Debug|Any CPU
		{114198BB-15A2-436B-84FA-DE9CE6836015}.Release|Any CPU.ActiveCfg = Release|Any CPU
		{114198BB-15A2-436B-84FA-DE9CE6836015}.Release|Any CPU.Build.0 = Release|Any CPU
		{0DE35C18-453F-4324-8CBE-646D0832AA1F}.Debug|Any CPU.ActiveCfg = Debug|Any CPU
		{0DE35C18-453F-4324-8CBE-646D0832AA1F}.Debug|Any CPU.Build.0 = Debug|Any CPU
		{0DE35C18-453F-4324-8CBE-646D0832AA1F}.Release|Any CPU.ActiveCfg = Release|Any CPU
		{0DE35C18-453F-4324-8CBE-646D0832AA1F}.Release|Any CPU.Build.0 = Release|Any CPU
		{04F0EF82-4561-47D1-842A-F9DAF878D2D1}.Debug|Any CPU.ActiveCfg = Debug|Any CPU
		{04F0EF82-4561-47D1-842A-F9DAF878D2D1}.Debug|Any CPU.Build.0 = Debug|Any CPU
		{04F0EF82-4561-47D1-842A-F9DAF878D2D1}.Release|Any CPU.ActiveCfg = Release|Any CPU
		{04F0EF82-4561-47D1-842A-F9DAF878D2D1}.Release|Any CPU.Build.0 = Release|Any CPU
	EndGlobalSection
	GlobalSection(SolutionProperties) = preSolution
		HideSolutionNode = FALSE
	EndGlobalSection
	GlobalSection(NestedProjects) = preSolution
		{C42BA162-701C-4CD1-9199-0784628B4422} = {B76A968D-FF37-4901-9D42-42BF396E2604}
		{2FCBBF12-E3D3-4A9B-B214-0386768D8891} = {B76A968D-FF37-4901-9D42-42BF396E2604}
		{114198BB-15A2-436B-84FA-DE9CE6836015} = {B76A968D-FF37-4901-9D42-42BF396E2604}
		{0DE35C18-453F-4324-8CBE-646D0832AA1F} = {B76A968D-FF37-4901-9D42-42BF396E2604}
		{04F0EF82-4561-47D1-842A-F9DAF878D2D1} = {B76A968D-FF37-4901-9D42-42BF396E2604}
	EndGlobalSection
EndGlobal
